{
  "name": "gittesting",
  "version": "1.0.0",
  "lockfileVersion": 3,
  "requires": true,
  "packages": {
    "": {
      "name": "gittesting",
      "version": "1.0.0",
      "license": "ISC",
      "dependencies": {
        "gittesting": "^1.0.0"
      }
    },
    "node_modules/gittesting": {
      "version": "1.0.0",
      "resolved": "https://registry.npmjs.org/gittesting/-/gittesting-1.0.0.tgz",
      "integrity": "sha512-/bo4u1xwezOC8Pw7zQvcoJ6+5bmtR6YXyreyqWiRinlr7jqjdnZvAugvixp/jfluoRbs06dxY3NU656h5x85mA==",
      "license": "ISC"
    }
  }
}
